// !$*UTF8*$!
{
	archiveVersion = 1;
	classes = {
	};
	objectVersion = 56;
	objects = {

/* Begin PBXBuildFile section */
		0A20E1E92957C52F00B7756E /* Shell.swift in Sources */ = {isa = PBXBuildFile; fileRef = 0A20E1E82957C52F00B7756E /* Shell.swift */; };
		0A20E1EF2957E8B900B7756E /* Game.swift in Sources */ = {isa = PBXBuildFile; fileRef = 0A20E1EE2957E8B900B7756E /* Game.swift */; };
		0A20E1F32957FEAD00B7756E /* games.json in Resources */ = {isa = PBXBuildFile; fileRef = 0A20E1F22957FEAD00B7756E /* games.json */; };
		0A87BBB1295D57C30009AF47 /* Sidebar.swift in Sources */ = {isa = PBXBuildFile; fileRef = 0A87BBB0295D57C30009AF47 /* Sidebar.swift */; };
		0AE9B6F42A3AD97100800850 /* SettingsView.swift in Sources */ = {isa = PBXBuildFile; fileRef = 0AE9B6F32A3AD97100800850 /* SettingsView.swift */; };
		0AE9B6F62A3ADA0E00800850 /* LibrarySettingsView.swift in Sources */ = {isa = PBXBuildFile; fileRef = 0AE9B6F52A3ADA0E00800850 /* LibrarySettingsView.swift */; };
		0AE9B6F82A3ADAD700800850 /* AppearanceSettingsView.swift in Sources */ = {isa = PBXBuildFile; fileRef = 0AE9B6F72A3ADAD700800850 /* AppearanceSettingsView.swift */; };
		0AF378652953AADD00978137 /* PhoenixApp.swift in Sources */ = {isa = PBXBuildFile; fileRef = 0AF378642953AADD00978137 /* PhoenixApp.swift */; };
		0AF378672953AADD00978137 /* ContentView.swift in Sources */ = {isa = PBXBuildFile; fileRef = 0AF378662953AADD00978137 /* ContentView.swift */; };
		0AF378692953AADE00978137 /* Assets.xcassets in Resources */ = {isa = PBXBuildFile; fileRef = 0AF378682953AADE00978137 /* Assets.xcassets */; };
		0AF378772953AADE00978137 /* PhoenixTests.swift in Sources */ = {isa = PBXBuildFile; fileRef = 0AF378762953AADE00978137 /* PhoenixTests.swift */; };
		0AF378812953AADE00978137 /* PhoenixUITests.swift in Sources */ = {isa = PBXBuildFile; fileRef = 0AF378802953AADE00978137 /* PhoenixUITests.swift */; };
		0AF378832953AADE00978137 /* PhoenixUITestsLaunchTests.swift in Sources */ = {isa = PBXBuildFile; fileRef = 0AF378822953AADE00978137 /* PhoenixUITestsLaunchTests.swift */; };
		732224192A61151B001B5981 /* Settings.swift in Sources */ = {isa = PBXBuildFile; fileRef = 732224182A61151B001B5981 /* Settings.swift */; };
		732224282A612452001B5981 /* Preview Assets.xcassets in Resources */ = {isa = PBXBuildFile; fileRef = 732224272A612452001B5981 /* Preview Assets.xcassets */; };
		732C185C2A612903001776D7 /* LibraryModel.swift in Sources */ = {isa = PBXBuildFile; fileRef = 732C18562A612903001776D7 /* LibraryModel.swift */; };
		732C185D2A612903001776D7 /* CheckForUpdate Button.swift in Sources */ = {isa = PBXBuildFile; fileRef = 732C18572A612903001776D7 /* CheckForUpdate Button.swift */; };
		732C185E2A612903001776D7 /* UpdaterModel.swift in Sources */ = {isa = PBXBuildFile; fileRef = 732C18582A612903001776D7 /* UpdaterModel.swift */; };
		732C18602A612903001776D7 /* Library.swift in Sources */ = {isa = PBXBuildFile; fileRef = 732C185A2A612903001776D7 /* Library.swift */; };
		732C18612A612903001776D7 /* AutomaticUpdateSettingsView.swift in Sources */ = {isa = PBXBuildFile; fileRef = 732C185B2A612903001776D7 /* AutomaticUpdateSettingsView.swift */; };
		732C18632A6129FF001776D7 /* NavigationModel.swift in Sources */ = {isa = PBXBuildFile; fileRef = 732C18622A6129FF001776D7 /* NavigationModel.swift */; };
		732C18682A613015001776D7 /* AddGame Button.swift in Sources */ = {isa = PBXBuildFile; fileRef = 732C18672A613015001776D7 /* AddGame Button.swift */; };
		732C186E2A61385F001776D7 /* Game Views.swift in Sources */ = {isa = PBXBuildFile; fileRef = 732C186D2A61385F001776D7 /* Game Views.swift */; };
		732C18702A61387B001776D7 /* GameEditorView.swift in Sources */ = {isa = PBXBuildFile; fileRef = 732C186F2A61387B001776D7 /* GameEditorView.swift */; };
		732C18722A613898001776D7 /* GameArtView.swift in Sources */ = {isa = PBXBuildFile; fileRef = 732C18712A613898001776D7 /* GameArtView.swift */; };
		732C18742A6199CF001776D7 /* SwiftUI+.swift in Sources */ = {isa = PBXBuildFile; fileRef = 732C18732A6199CF001776D7 /* SwiftUI+.swift */; };
		732C18772A619C3D001776D7 /* CachedImageField.swift in Sources */ = {isa = PBXBuildFile; fileRef = 732C18762A619C3D001776D7 /* CachedImageField.swift */; };
		732C187A2A619D13001776D7 /* ImageCacheModel.swift in Sources */ = {isa = PBXBuildFile; fileRef = 732C18792A619D13001776D7 /* ImageCacheModel.swift */; };
		73311FE62A74392E00EB253C /* SandboxViews.swift in Sources */ = {isa = PBXBuildFile; fileRef = 73311FE52A74392E00EB253C /* SandboxViews.swift */; };
		73311FE92A744C1500EB253C /* GameDetailsView.swift in Sources */ = {isa = PBXBuildFile; fileRef = 73311FE72A744C1500EB253C /* GameDetailsView.swift */; };
		73311FEA2A744C1500EB253C /* GameProfile.swift in Sources */ = {isa = PBXBuildFile; fileRef = 73311FE82A744C1500EB253C /* GameProfile.swift */; };
		736F54712A6987EC000EF790 /* Profile.swift in Sources */ = {isa = PBXBuildFile; fileRef = 736F54702A6987EB000EF790 /* Profile.swift */; };
		736F54752A69ADC7000EF790 /* AnyCodingKey.swift in Sources */ = {isa = PBXBuildFile; fileRef = 736F54742A69ADC7000EF790 /* AnyCodingKey.swift */; };
		736F54792A69B4CD000EF790 /* AsyncButton.swift in Sources */ = {isa = PBXBuildFile; fileRef = 736F54782A69B4CD000EF790 /* AsyncButton.swift */; };
		736F547B2A69B8B9000EF790 /* Steam Buttons.swift in Sources */ = {isa = PBXBuildFile; fileRef = 736F547A2A69B8B9000EF790 /* Steam Buttons.swift */; };
		736F547D2A69C1E7000EF790 /* SteampoweredClient.swift in Sources */ = {isa = PBXBuildFile; fileRef = 736F547C2A69C1E7000EF790 /* SteampoweredClient.swift */; };
		73B008812A61A9A1007BACA0 /* EditGameSheet.swift in Sources */ = {isa = PBXBuildFile; fileRef = 73B008802A61A9A1007BACA0 /* EditGameSheet.swift */; };
		73B008832A61A9B4007BACA0 /* AddGameSheet.swift in Sources */ = {isa = PBXBuildFile; fileRef = 73B008822A61A9B4007BACA0 /* AddGameSheet.swift */; };
		73B008872A61CAA0007BACA0 /* GameList.swift in Sources */ = {isa = PBXBuildFile; fileRef = 73B008862A61CAA0007BACA0 /* GameList.swift */; };
		73B0088C2A61D6C4007BACA0 /* SteamAppManifest.swift in Sources */ = {isa = PBXBuildFile; fileRef = 73B0088B2A61D6C4007BACA0 /* SteamAppManifest.swift */; };
		73B0088E2A61E0E0007BACA0 /* SandboxManager.swift in Sources */ = {isa = PBXBuildFile; fileRef = 73B0088D2A61E0E0007BACA0 /* SandboxManager.swift */; };
		73B008902A624E48007BACA0 /* Foundation+.swift in Sources */ = {isa = PBXBuildFile; fileRef = 73B0088F2A624E48007BACA0 /* Foundation+.swift */; };
		73B008922A663590007BACA0 /* SteamModel.swift in Sources */ = {isa = PBXBuildFile; fileRef = 73B008912A663590007BACA0 /* SteamModel.swift */; };
		73B008942A66373C007BACA0 /* IntervalPicker.swift in Sources */ = {isa = PBXBuildFile; fileRef = 73B008932A66373C007BACA0 /* IntervalPicker.swift */; };
		73B008962A663BB3007BACA0 /* SteamMetadata.swift in Sources */ = {isa = PBXBuildFile; fileRef = 73B008952A663BB3007BACA0 /* SteamMetadata.swift */; };
		B5B66A692A3ECC1B00BD99C9 /* HiddenGamesSettingsView.swift in Sources */ = {isa = PBXBuildFile; fileRef = B5B66A682A3ECC1B00BD99C9 /* HiddenGamesSettingsView.swift */; };
		CAFACC762A42638E001C45C4 /* Sparkle in Frameworks */ = {isa = PBXBuildFile; productRef = CAFACC752A42638E001C45C4 /* Sparkle */; };
		CAFACC7A2A42650F001C45C4 /* Info.plist in Resources */ = {isa = PBXBuildFile; fileRef = CAFACC792A42650F001C45C4 /* Info.plist */; };
		CAFAFAA92967600700B89003 /* LogUtils.swift in Sources */ = {isa = PBXBuildFile; fileRef = CAFAFAA82967600700B89003 /* LogUtils.swift */; };
/* End PBXBuildFile section */

/* Begin PBXContainerItemProxy section */
		0AF378732953AADE00978137 /* PBXContainerItemProxy */ = {
			isa = PBXContainerItemProxy;
			containerPortal = 0AF378592953AADC00978137 /* Project object */;
			proxyType = 1;
			remoteGlobalIDString = 0AF378602953AADD00978137;
			remoteInfo = SwiftLauncher;
		};
		0AF3787D2953AADE00978137 /* PBXContainerItemProxy */ = {
			isa = PBXContainerItemProxy;
			containerPortal = 0AF378592953AADC00978137 /* Project object */;
			proxyType = 1;
			remoteGlobalIDString = 0AF378602953AADD00978137;
			remoteInfo = SwiftLauncher;
		};
/* End PBXContainerItemProxy section */

/* Begin PBXFileReference section */
		0A20E1E82957C52F00B7756E /* Shell.swift */ = {isa = PBXFileReference; lastKnownFileType = sourcecode.swift; path = Shell.swift; sourceTree = "<group>"; };
		0A20E1EE2957E8B900B7756E /* Game.swift */ = {isa = PBXFileReference; lastKnownFileType = sourcecode.swift; path = Game.swift; sourceTree = "<group>"; };
		0A20E1F22957FEAD00B7756E /* games.json */ = {isa = PBXFileReference; lastKnownFileType = text.json; path = games.json; sourceTree = "<group>"; };
		0A87BBB0295D57C30009AF47 /* Sidebar.swift */ = {isa = PBXFileReference; lastKnownFileType = sourcecode.swift; path = Sidebar.swift; sourceTree = "<group>"; };
		0AE9B6F32A3AD97100800850 /* SettingsView.swift */ = {isa = PBXFileReference; lastKnownFileType = sourcecode.swift; path = SettingsView.swift; sourceTree = "<group>"; };
		0AE9B6F52A3ADA0E00800850 /* LibrarySettingsView.swift */ = {isa = PBXFileReference; lastKnownFileType = sourcecode.swift; path = LibrarySettingsView.swift; sourceTree = "<group>"; };
		0AE9B6F72A3ADAD700800850 /* AppearanceSettingsView.swift */ = {isa = PBXFileReference; lastKnownFileType = sourcecode.swift; path = AppearanceSettingsView.swift; sourceTree = "<group>"; };
		0AF378612953AADD00978137 /* Phoenix.app */ = {isa = PBXFileReference; explicitFileType = wrapper.application; includeInIndex = 0; path = Phoenix.app; sourceTree = BUILT_PRODUCTS_DIR; };
		0AF378642953AADD00978137 /* PhoenixApp.swift */ = {isa = PBXFileReference; lastKnownFileType = sourcecode.swift; path = PhoenixApp.swift; sourceTree = "<group>"; };
		0AF378662953AADD00978137 /* ContentView.swift */ = {isa = PBXFileReference; lastKnownFileType = sourcecode.swift; path = ContentView.swift; sourceTree = "<group>"; };
		0AF378682953AADE00978137 /* Assets.xcassets */ = {isa = PBXFileReference; lastKnownFileType = folder.assetcatalog; path = Assets.xcassets; sourceTree = "<group>"; };
		0AF3786D2953AADE00978137 /* Phoenix.entitlements */ = {isa = PBXFileReference; lastKnownFileType = text.plist.entitlements; path = Phoenix.entitlements; sourceTree = "<group>"; };
		0AF378722953AADE00978137 /* PhoenixTests.xctest */ = {isa = PBXFileReference; explicitFileType = wrapper.cfbundle; includeInIndex = 0; path = PhoenixTests.xctest; sourceTree = BUILT_PRODUCTS_DIR; };
		0AF378762953AADE00978137 /* PhoenixTests.swift */ = {isa = PBXFileReference; lastKnownFileType = sourcecode.swift; path = PhoenixTests.swift; sourceTree = "<group>"; };
		0AF3787C2953AADE00978137 /* PhoenixUITests.xctest */ = {isa = PBXFileReference; explicitFileType = wrapper.cfbundle; includeInIndex = 0; path = PhoenixUITests.xctest; sourceTree = BUILT_PRODUCTS_DIR; };
		0AF378802953AADE00978137 /* PhoenixUITests.swift */ = {isa = PBXFileReference; lastKnownFileType = sourcecode.swift; path = PhoenixUITests.swift; sourceTree = "<group>"; };
		0AF378822953AADE00978137 /* PhoenixUITestsLaunchTests.swift */ = {isa = PBXFileReference; lastKnownFileType = sourcecode.swift; path = PhoenixUITestsLaunchTests.swift; sourceTree = "<group>"; };
		732224182A61151B001B5981 /* Settings.swift */ = {isa = PBXFileReference; lastKnownFileType = sourcecode.swift; path = Settings.swift; sourceTree = "<group>"; };
		732224272A612452001B5981 /* Preview Assets.xcassets */ = {isa = PBXFileReference; lastKnownFileType = folder.assetcatalog; path = "Preview Assets.xcassets"; sourceTree = "<group>"; };
		732C18562A612903001776D7 /* LibraryModel.swift */ = {isa = PBXFileReference; fileEncoding = 4; lastKnownFileType = sourcecode.swift; path = LibraryModel.swift; sourceTree = "<group>"; };
		732C18572A612903001776D7 /* CheckForUpdate Button.swift */ = {isa = PBXFileReference; fileEncoding = 4; lastKnownFileType = sourcecode.swift; path = "CheckForUpdate Button.swift"; sourceTree = "<group>"; };
		732C18582A612903001776D7 /* UpdaterModel.swift */ = {isa = PBXFileReference; fileEncoding = 4; lastKnownFileType = sourcecode.swift; path = UpdaterModel.swift; sourceTree = "<group>"; };
		732C185A2A612903001776D7 /* Library.swift */ = {isa = PBXFileReference; fileEncoding = 4; lastKnownFileType = sourcecode.swift; path = Library.swift; sourceTree = "<group>"; };
		732C185B2A612903001776D7 /* AutomaticUpdateSettingsView.swift */ = {isa = PBXFileReference; fileEncoding = 4; lastKnownFileType = sourcecode.swift; path = AutomaticUpdateSettingsView.swift; sourceTree = "<group>"; };
		732C18622A6129FF001776D7 /* NavigationModel.swift */ = {isa = PBXFileReference; lastKnownFileType = sourcecode.swift; path = NavigationModel.swift; sourceTree = "<group>"; };
		732C18672A613015001776D7 /* AddGame Button.swift */ = {isa = PBXFileReference; lastKnownFileType = sourcecode.swift; path = "AddGame Button.swift"; sourceTree = "<group>"; };
		732C186D2A61385F001776D7 /* Game Views.swift */ = {isa = PBXFileReference; lastKnownFileType = sourcecode.swift; path = "Game Views.swift"; sourceTree = "<group>"; };
		732C186F2A61387B001776D7 /* GameEditorView.swift */ = {isa = PBXFileReference; lastKnownFileType = sourcecode.swift; path = GameEditorView.swift; sourceTree = "<group>"; };
		732C18712A613898001776D7 /* GameArtView.swift */ = {isa = PBXFileReference; lastKnownFileType = sourcecode.swift; path = GameArtView.swift; sourceTree = "<group>"; };
		732C18732A6199CF001776D7 /* SwiftUI+.swift */ = {isa = PBXFileReference; lastKnownFileType = sourcecode.swift; path = "SwiftUI+.swift"; sourceTree = "<group>"; };
		732C18762A619C3D001776D7 /* CachedImageField.swift */ = {isa = PBXFileReference; lastKnownFileType = sourcecode.swift; path = CachedImageField.swift; sourceTree = "<group>"; };
		732C18792A619D13001776D7 /* ImageCacheModel.swift */ = {isa = PBXFileReference; lastKnownFileType = sourcecode.swift; path = ImageCacheModel.swift; sourceTree = "<group>"; };
		73311FE52A74392E00EB253C /* SandboxViews.swift */ = {isa = PBXFileReference; fileEncoding = 4; lastKnownFileType = sourcecode.swift; path = SandboxViews.swift; sourceTree = "<group>"; };
		73311FE72A744C1500EB253C /* GameDetailsView.swift */ = {isa = PBXFileReference; fileEncoding = 4; lastKnownFileType = sourcecode.swift; path = GameDetailsView.swift; sourceTree = "<group>"; };
		73311FE82A744C1500EB253C /* GameProfile.swift */ = {isa = PBXFileReference; fileEncoding = 4; lastKnownFileType = sourcecode.swift; path = GameProfile.swift; sourceTree = "<group>"; };
		736F54702A6987EB000EF790 /* Profile.swift */ = {isa = PBXFileReference; lastKnownFileType = sourcecode.swift; path = Profile.swift; sourceTree = "<group>"; };
		736F54742A69ADC7000EF790 /* AnyCodingKey.swift */ = {isa = PBXFileReference; lastKnownFileType = sourcecode.swift; path = AnyCodingKey.swift; sourceTree = "<group>"; };
		736F54782A69B4CD000EF790 /* AsyncButton.swift */ = {isa = PBXFileReference; lastKnownFileType = sourcecode.swift; path = AsyncButton.swift; sourceTree = "<group>"; };
		736F547A2A69B8B9000EF790 /* Steam Buttons.swift */ = {isa = PBXFileReference; lastKnownFileType = sourcecode.swift; path = "Steam Buttons.swift"; sourceTree = "<group>"; };
		736F547C2A69C1E7000EF790 /* SteampoweredClient.swift */ = {isa = PBXFileReference; fileEncoding = 4; lastKnownFileType = sourcecode.swift; path = SteampoweredClient.swift; sourceTree = "<group>"; };
		73B008802A61A9A1007BACA0 /* EditGameSheet.swift */ = {isa = PBXFileReference; lastKnownFileType = sourcecode.swift; path = EditGameSheet.swift; sourceTree = "<group>"; };
		73B008822A61A9B4007BACA0 /* AddGameSheet.swift */ = {isa = PBXFileReference; lastKnownFileType = sourcecode.swift; path = AddGameSheet.swift; sourceTree = "<group>"; };
		73B008862A61CAA0007BACA0 /* GameList.swift */ = {isa = PBXFileReference; lastKnownFileType = sourcecode.swift; path = GameList.swift; sourceTree = "<group>"; };
		73B0088B2A61D6C4007BACA0 /* SteamAppManifest.swift */ = {isa = PBXFileReference; lastKnownFileType = sourcecode.swift; path = SteamAppManifest.swift; sourceTree = "<group>"; };
		73B0088D2A61E0E0007BACA0 /* SandboxManager.swift */ = {isa = PBXFileReference; lastKnownFileType = sourcecode.swift; path = SandboxManager.swift; sourceTree = "<group>"; };
		73B0088F2A624E48007BACA0 /* Foundation+.swift */ = {isa = PBXFileReference; lastKnownFileType = sourcecode.swift; path = "Foundation+.swift"; sourceTree = "<group>"; };
		73B008912A663590007BACA0 /* SteamModel.swift */ = {isa = PBXFileReference; lastKnownFileType = sourcecode.swift; path = SteamModel.swift; sourceTree = "<group>"; };
		73B008932A66373C007BACA0 /* IntervalPicker.swift */ = {isa = PBXFileReference; lastKnownFileType = sourcecode.swift; path = IntervalPicker.swift; sourceTree = "<group>"; };
		73B008952A663BB3007BACA0 /* SteamMetadata.swift */ = {isa = PBXFileReference; lastKnownFileType = sourcecode.swift; path = SteamMetadata.swift; sourceTree = "<group>"; };
		B5B66A682A3ECC1B00BD99C9 /* HiddenGamesSettingsView.swift */ = {isa = PBXFileReference; lastKnownFileType = sourcecode.swift; path = HiddenGamesSettingsView.swift; sourceTree = "<group>"; };
		CAFACC792A42650F001C45C4 /* Info.plist */ = {isa = PBXFileReference; lastKnownFileType = text.plist.xml; path = Info.plist; sourceTree = "<group>"; };
		CAFAFAA82967600700B89003 /* LogUtils.swift */ = {isa = PBXFileReference; lastKnownFileType = sourcecode.swift; path = LogUtils.swift; sourceTree = "<group>"; };
/* End PBXFileReference section */

/* Begin PBXFrameworksBuildPhase section */
		0AF3785E2953AADD00978137 /* Frameworks */ = {
			isa = PBXFrameworksBuildPhase;
			buildActionMask = 2147483647;
			files = (
				CAFACC762A42638E001C45C4 /* Sparkle in Frameworks */,
			);
			runOnlyForDeploymentPostprocessing = 0;
		};
		0AF3786F2953AADE00978137 /* Frameworks */ = {
			isa = PBXFrameworksBuildPhase;
			buildActionMask = 2147483647;
			files = (
			);
			runOnlyForDeploymentPostprocessing = 0;
		};
		0AF378792953AADE00978137 /* Frameworks */ = {
			isa = PBXFrameworksBuildPhase;
			buildActionMask = 2147483647;
			files = (
			);
			runOnlyForDeploymentPostprocessing = 0;
		};
/* End PBXFrameworksBuildPhase section */

/* Begin PBXGroup section */
		0AF378582953AADC00978137 = {
			isa = PBXGroup;
			children = (
				0AF378632953AADD00978137 /* Phoenix */,
				0AF378752953AADE00978137 /* SwiftLauncherTests */,
				0AF3787F2953AADE00978137 /* SwiftLauncherUITests */,
				0AF378622953AADD00978137 /* Products */,
			);
			sourceTree = "<group>";
		};
		0AF378622953AADD00978137 /* Products */ = {
			isa = PBXGroup;
			children = (
				0AF378612953AADD00978137 /* Phoenix.app */,
				0AF378722953AADE00978137 /* PhoenixTests.xctest */,
				0AF3787C2953AADE00978137 /* PhoenixUITests.xctest */,
			);
			name = Products;
			sourceTree = "<group>";
		};
		0AF378632953AADD00978137 /* Phoenix */ = {
			isa = PBXGroup;
			children = (
				0AF3786D2953AADE00978137 /* Phoenix.entitlements */,
				0A20E1F22957FEAD00B7756E /* games.json */,
				CAFACC792A42650F001C45C4 /* Info.plist */,
				0AF378642953AADD00978137 /* PhoenixApp.swift */,
				0AF378682953AADE00978137 /* Assets.xcassets */,
				73B008852A61C9E3007BACA0 /* Automatic Updates */,
				736F54762A69B071000EF790 /* Common */,
				732C18752A6199D2001776D7 /* Extensions */,
				732C186A2A613821001776D7 /* Game */,
				732C18782A619CF8001776D7 /* Library */,
				732C18692A61307F001776D7 /* Navigation */,
				732224262A612448001B5981 /* Preview Content */,
				73B008842A61C9D8007BACA0 /* Settings */,
				73B0088A2A61D6B7007BACA0 /* Steam */,
			);
			path = Phoenix;
			sourceTree = "<group>";
		};
		0AF378752953AADE00978137 /* SwiftLauncherTests */ = {
			isa = PBXGroup;
			children = (
				0AF378762953AADE00978137 /* PhoenixTests.swift */,
			);
			name = SwiftLauncherTests;
			path = PhoenixTests;
			sourceTree = "<group>";
		};
		0AF3787F2953AADE00978137 /* SwiftLauncherUITests */ = {
			isa = PBXGroup;
			children = (
				0AF378802953AADE00978137 /* PhoenixUITests.swift */,
				0AF378822953AADE00978137 /* PhoenixUITestsLaunchTests.swift */,
			);
			name = SwiftLauncherUITests;
			path = PhoenixUITests;
			sourceTree = "<group>";
		};
		732224262A612448001B5981 /* Preview Content */ = {
			isa = PBXGroup;
			children = (
				732224272A612452001B5981 /* Preview Assets.xcassets */,
			);
			path = "Preview Content";
			sourceTree = "<group>";
		};
		732C18692A61307F001776D7 /* Navigation */ = {
			isa = PBXGroup;
			children = (
				0AF378662953AADD00978137 /* ContentView.swift */,
				732C18622A6129FF001776D7 /* NavigationModel.swift */,
				732224182A61151B001B5981 /* Settings.swift */,
				0A87BBB0295D57C30009AF47 /* Sidebar.swift */,
			);
			path = Navigation;
			sourceTree = "<group>";
		};
		732C186A2A613821001776D7 /* Game */ = {
			isa = PBXGroup;
			children = (
				732C18672A613015001776D7 /* AddGame Button.swift */,
				73B008822A61A9B4007BACA0 /* AddGameSheet.swift */,
				73B008802A61A9A1007BACA0 /* EditGameSheet.swift */,
				732C186D2A61385F001776D7 /* Game Views.swift */,
				732C18712A613898001776D7 /* GameArtView.swift */,
				73311FE72A744C1500EB253C /* GameDetailsView.swift */,
				732C186F2A61387B001776D7 /* GameEditorView.swift */,
				73B008862A61CAA0007BACA0 /* GameList.swift */,
				73311FE82A744C1500EB253C /* GameProfile.swift */,
			);
			path = Game;
			sourceTree = "<group>";
		};
		732C18752A6199D2001776D7 /* Extensions */ = {
			isa = PBXGroup;
			children = (
				73B0088F2A624E48007BACA0 /* Foundation+.swift */,
				732C18732A6199CF001776D7 /* SwiftUI+.swift */,
			);
			path = Extensions;
			sourceTree = "<group>";
		};
		732C18782A619CF8001776D7 /* Library */ = {
			isa = PBXGroup;
			children = (
				732C18762A619C3D001776D7 /* CachedImageField.swift */,
				0A20E1EE2957E8B900B7756E /* Game.swift */,
				732C18792A619D13001776D7 /* ImageCacheModel.swift */,
				732C185A2A612903001776D7 /* Library.swift */,
				732C18562A612903001776D7 /* LibraryModel.swift */,
				736F54702A6987EB000EF790 /* Profile.swift */,
			);
			path = Library;
			sourceTree = "<group>";
		};
		736F54762A69B071000EF790 /* Common */ = {
			isa = PBXGroup;
			children = (
				736F54742A69ADC7000EF790 /* AnyCodingKey.swift */,
				CAFAFAA82967600700B89003 /* LogUtils.swift */,
				73B0088D2A61E0E0007BACA0 /* SandboxManager.swift */,
				73311FE52A74392E00EB253C /* SandboxViews.swift */,
				0A20E1E82957C52F00B7756E /* Shell.swift */,
				736F54782A69B4CD000EF790 /* AsyncButton.swift */,
			);
			path = Common;
			sourceTree = "<group>";
		};
		73B008842A61C9D8007BACA0 /* Settings */ = {
			isa = PBXGroup;
			children = (
				0AE9B6F72A3ADAD700800850 /* AppearanceSettingsView.swift */,
				B5B66A682A3ECC1B00BD99C9 /* HiddenGamesSettingsView.swift */,
				73B008932A66373C007BACA0 /* IntervalPicker.swift */,
				0AE9B6F52A3ADA0E00800850 /* LibrarySettingsView.swift */,
				0AE9B6F32A3AD97100800850 /* SettingsView.swift */,
			);
			path = Settings;
			sourceTree = "<group>";
		};
		73B008852A61C9E3007BACA0 /* Automatic Updates */ = {
			isa = PBXGroup;
			children = (
				732C185B2A612903001776D7 /* AutomaticUpdateSettingsView.swift */,
				732C18572A612903001776D7 /* CheckForUpdate Button.swift */,
				732C18582A612903001776D7 /* UpdaterModel.swift */,
			);
			path = "Automatic Updates";
			sourceTree = "<group>";
		};
		73B0088A2A61D6B7007BACA0 /* Steam */ = {
			isa = PBXGroup;
			children = (
				736F547A2A69B8B9000EF790 /* Steam Buttons.swift */,
				73B0088B2A61D6C4007BACA0 /* SteamAppManifest.swift */,
				73B008952A663BB3007BACA0 /* SteamMetadata.swift */,
				73B008912A663590007BACA0 /* SteamModel.swift */,
				736F547C2A69C1E7000EF790 /* SteampoweredClient.swift */,
			);
			path = Steam;
			sourceTree = "<group>";
		};
/* End PBXGroup section */

/* Begin PBXNativeTarget section */
		0AF378602953AADD00978137 /* Phoenix */ = {
			isa = PBXNativeTarget;
			buildConfigurationList = 0AF378862953AADE00978137 /* Build configuration list for PBXNativeTarget "Phoenix" */;
			buildPhases = (
				0AF3785D2953AADD00978137 /* Sources */,
				0AF3785E2953AADD00978137 /* Frameworks */,
				0AF3785F2953AADD00978137 /* Resources */,
			);
			buildRules = (
			);
			dependencies = (
			);
			name = Phoenix;
			packageProductDependencies = (
				CAFACC752A42638E001C45C4 /* Sparkle */,
			);
			productName = SwiftLauncher;
			productReference = 0AF378612953AADD00978137 /* Phoenix.app */;
			productType = "com.apple.product-type.application";
		};
		0AF378712953AADE00978137 /* PhoenixTests */ = {
			isa = PBXNativeTarget;
			buildConfigurationList = 0AF378892953AADE00978137 /* Build configuration list for PBXNativeTarget "PhoenixTests" */;
			buildPhases = (
				0AF3786E2953AADE00978137 /* Sources */,
				0AF3786F2953AADE00978137 /* Frameworks */,
				0AF378702953AADE00978137 /* Resources */,
			);
			buildRules = (
			);
			dependencies = (
				0AF378742953AADE00978137 /* PBXTargetDependency */,
			);
			name = PhoenixTests;
			productName = SwiftLauncherTests;
			productReference = 0AF378722953AADE00978137 /* PhoenixTests.xctest */;
			productType = "com.apple.product-type.bundle.unit-test";
		};
		0AF3787B2953AADE00978137 /* PhoenixUITests */ = {
			isa = PBXNativeTarget;
			buildConfigurationList = 0AF3788C2953AADE00978137 /* Build configuration list for PBXNativeTarget "PhoenixUITests" */;
			buildPhases = (
				0AF378782953AADE00978137 /* Sources */,
				0AF378792953AADE00978137 /* Frameworks */,
				0AF3787A2953AADE00978137 /* Resources */,
			);
			buildRules = (
			);
			dependencies = (
				0AF3787E2953AADE00978137 /* PBXTargetDependency */,
			);
			name = PhoenixUITests;
			productName = SwiftLauncherUITests;
			productReference = 0AF3787C2953AADE00978137 /* PhoenixUITests.xctest */;
			productType = "com.apple.product-type.bundle.ui-testing";
		};
/* End PBXNativeTarget section */

/* Begin PBXProject section */
		0AF378592953AADC00978137 /* Project object */ = {
			isa = PBXProject;
			attributes = {
				BuildIndependentTargetsInParallel = 1;
				LastSwiftUpdateCheck = 1420;
				LastUpgradeCheck = 1500;
				TargetAttributes = {
					0AF378602953AADD00978137 = {
						CreatedOnToolsVersion = 14.2;
					};
					0AF378712953AADE00978137 = {
						CreatedOnToolsVersion = 14.2;
						TestTargetID = 0AF378602953AADD00978137;
					};
					0AF3787B2953AADE00978137 = {
						CreatedOnToolsVersion = 14.2;
						TestTargetID = 0AF378602953AADD00978137;
					};
				};
			};
			buildConfigurationList = 0AF3785C2953AADC00978137 /* Build configuration list for PBXProject "Phoenix" */;
			compatibilityVersion = "Xcode 14.0";
			developmentRegion = en;
			hasScannedForEncodings = 0;
			knownRegions = (
				en,
				Base,
			);
			mainGroup = 0AF378582953AADC00978137;
			packageReferences = (
				CAFACC742A42638E001C45C4 /* XCRemoteSwiftPackageReference "Sparkle" */,
			);
			productRefGroup = 0AF378622953AADD00978137 /* Products */;
			projectDirPath = "";
			projectRoot = "";
			targets = (
				0AF378602953AADD00978137 /* Phoenix */,
				0AF378712953AADE00978137 /* PhoenixTests */,
				0AF3787B2953AADE00978137 /* PhoenixUITests */,
			);
		};
/* End PBXProject section */

/* Begin PBXResourcesBuildPhase section */
		0AF3785F2953AADD00978137 /* Resources */ = {
			isa = PBXResourcesBuildPhase;
			buildActionMask = 2147483647;
			files = (
				732224282A612452001B5981 /* Preview Assets.xcassets in Resources */,
				CAFACC7A2A42650F001C45C4 /* Info.plist in Resources */,
				0A20E1F32957FEAD00B7756E /* games.json in Resources */,
				0AF378692953AADE00978137 /* Assets.xcassets in Resources */,
			);
			runOnlyForDeploymentPostprocessing = 0;
		};
		0AF378702953AADE00978137 /* Resources */ = {
			isa = PBXResourcesBuildPhase;
			buildActionMask = 2147483647;
			files = (
			);
			runOnlyForDeploymentPostprocessing = 0;
		};
		0AF3787A2953AADE00978137 /* Resources */ = {
			isa = PBXResourcesBuildPhase;
			buildActionMask = 2147483647;
			files = (
			);
			runOnlyForDeploymentPostprocessing = 0;
		};
/* End PBXResourcesBuildPhase section */

/* Begin PBXSourcesBuildPhase section */
		0AF3785D2953AADD00978137 /* Sources */ = {
			isa = PBXSourcesBuildPhase;
			buildActionMask = 2147483647;
			files = (
				0AE9B6F62A3ADA0E00800850 /* LibrarySettingsView.swift in Sources */,
				0AF378672953AADD00978137 /* ContentView.swift in Sources */,
				0A20E1E92957C52F00B7756E /* Shell.swift in Sources */,
				73311FEA2A744C1500EB253C /* GameProfile.swift in Sources */,
				0AE9B6F82A3ADAD700800850 /* AppearanceSettingsView.swift in Sources */,
				CAFAFAA92967600700B89003 /* LogUtils.swift in Sources */,
				73B008872A61CAA0007BACA0 /* GameList.swift in Sources */,
				732C185D2A612903001776D7 /* CheckForUpdate Button.swift in Sources */,
				736F54752A69ADC7000EF790 /* AnyCodingKey.swift in Sources */,
				73B0088C2A61D6C4007BACA0 /* SteamAppManifest.swift in Sources */,
				732C18682A613015001776D7 /* AddGame Button.swift in Sources */,
				0AF378652953AADD00978137 /* PhoenixApp.swift in Sources */,
				732C185E2A612903001776D7 /* UpdaterModel.swift in Sources */,
				732C187A2A619D13001776D7 /* ImageCacheModel.swift in Sources */,
				732C186E2A61385F001776D7 /* Game Views.swift in Sources */,
				73B008962A663BB3007BACA0 /* SteamMetadata.swift in Sources */,
				73B008902A624E48007BACA0 /* Foundation+.swift in Sources */,
				732C18702A61387B001776D7 /* GameEditorView.swift in Sources */,
				0A20E1EF2957E8B900B7756E /* Game.swift in Sources */,
				73B008812A61A9A1007BACA0 /* EditGameSheet.swift in Sources */,
				732C18612A612903001776D7 /* AutomaticUpdateSettingsView.swift in Sources */,
				73B008832A61A9B4007BACA0 /* AddGameSheet.swift in Sources */,
				73B0088E2A61E0E0007BACA0 /* SandboxManager.swift in Sources */,
				73311FE92A744C1500EB253C /* GameDetailsView.swift in Sources */,
				B5B66A692A3ECC1B00BD99C9 /* HiddenGamesSettingsView.swift in Sources */,
				736F547D2A69C1E7000EF790 /* SteampoweredClient.swift in Sources */,
				73B008922A663590007BACA0 /* SteamModel.swift in Sources */,
				73311FE62A74392E00EB253C /* SandboxViews.swift in Sources */,
				0AE9B6F42A3AD97100800850 /* SettingsView.swift in Sources */,
				736F547B2A69B8B9000EF790 /* Steam Buttons.swift in Sources */,
				732C18742A6199CF001776D7 /* SwiftUI+.swift in Sources */,
				732C18722A613898001776D7 /* GameArtView.swift in Sources */,
				732C18632A6129FF001776D7 /* NavigationModel.swift in Sources */,
				0A87BBB1295D57C30009AF47 /* Sidebar.swift in Sources */,
				732C185C2A612903001776D7 /* LibraryModel.swift in Sources */,
				732224192A61151B001B5981 /* Settings.swift in Sources */,
				736F54712A6987EC000EF790 /* Profile.swift in Sources */,
				73B008942A66373C007BACA0 /* IntervalPicker.swift in Sources */,
				732C18772A619C3D001776D7 /* CachedImageField.swift in Sources */,
				736F54792A69B4CD000EF790 /* AsyncButton.swift in Sources */,
				732C18602A612903001776D7 /* Library.swift in Sources */,
			);
			runOnlyForDeploymentPostprocessing = 0;
		};
		0AF3786E2953AADE00978137 /* Sources */ = {
			isa = PBXSourcesBuildPhase;
			buildActionMask = 2147483647;
			files = (
				0AF378772953AADE00978137 /* PhoenixTests.swift in Sources */,
			);
			runOnlyForDeploymentPostprocessing = 0;
		};
		0AF378782953AADE00978137 /* Sources */ = {
			isa = PBXSourcesBuildPhase;
			buildActionMask = 2147483647;
			files = (
				0AF378832953AADE00978137 /* PhoenixUITestsLaunchTests.swift in Sources */,
				0AF378812953AADE00978137 /* PhoenixUITests.swift in Sources */,
			);
			runOnlyForDeploymentPostprocessing = 0;
		};
/* End PBXSourcesBuildPhase section */

/* Begin PBXTargetDependency section */
		0AF378742953AADE00978137 /* PBXTargetDependency */ = {
			isa = PBXTargetDependency;
			target = 0AF378602953AADD00978137 /* Phoenix */;
			targetProxy = 0AF378732953AADE00978137 /* PBXContainerItemProxy */;
		};
		0AF3787E2953AADE00978137 /* PBXTargetDependency */ = {
			isa = PBXTargetDependency;
			target = 0AF378602953AADD00978137 /* Phoenix */;
			targetProxy = 0AF3787D2953AADE00978137 /* PBXContainerItemProxy */;
		};
/* End PBXTargetDependency section */

/* Begin XCBuildConfiguration section */
		0AF378842953AADE00978137 /* Debug */ = {
			isa = XCBuildConfiguration;
			buildSettings = {
				ALWAYS_SEARCH_USER_PATHS = NO;
				CLANG_ANALYZER_NONNULL = YES;
				CLANG_ANALYZER_NUMBER_OBJECT_CONVERSION = YES_AGGRESSIVE;
				CLANG_CXX_LANGUAGE_STANDARD = "gnu++20";
				CLANG_ENABLE_MODULES = YES;
				CLANG_ENABLE_OBJC_ARC = YES;
				CLANG_ENABLE_OBJC_WEAK = YES;
				CLANG_WARN_BLOCK_CAPTURE_AUTORELEASING = YES;
				CLANG_WARN_BOOL_CONVERSION = YES;
				CLANG_WARN_COMMA = YES;
				CLANG_WARN_CONSTANT_CONVERSION = YES;
				CLANG_WARN_DEPRECATED_OBJC_IMPLEMENTATIONS = YES;
				CLANG_WARN_DIRECT_OBJC_ISA_USAGE = YES_ERROR;
				CLANG_WARN_DOCUMENTATION_COMMENTS = YES;
				CLANG_WARN_EMPTY_BODY = YES;
				CLANG_WARN_ENUM_CONVERSION = YES;
				CLANG_WARN_INFINITE_RECURSION = YES;
				CLANG_WARN_INT_CONVERSION = YES;
				CLANG_WARN_NON_LITERAL_NULL_CONVERSION = YES;
				CLANG_WARN_OBJC_IMPLICIT_RETAIN_SELF = YES;
				CLANG_WARN_OBJC_LITERAL_CONVERSION = YES;
				CLANG_WARN_OBJC_ROOT_CLASS = YES_ERROR;
				CLANG_WARN_QUOTED_INCLUDE_IN_FRAMEWORK_HEADER = YES;
				CLANG_WARN_RANGE_LOOP_ANALYSIS = YES;
				CLANG_WARN_STRICT_PROTOTYPES = YES;
				CLANG_WARN_SUSPICIOUS_MOVE = YES;
				CLANG_WARN_UNGUARDED_AVAILABILITY = YES_AGGRESSIVE;
				CLANG_WARN_UNREACHABLE_CODE = YES;
				CLANG_WARN__DUPLICATE_METHOD_MATCH = YES;
				COPY_PHASE_STRIP = NO;
				DEAD_CODE_STRIPPING = YES;
				DEBUG_INFORMATION_FORMAT = dwarf;
				ENABLE_STRICT_OBJC_MSGSEND = YES;
				ENABLE_TESTABILITY = YES;
				ENABLE_USER_SCRIPT_SANDBOXING = YES;
				GCC_C_LANGUAGE_STANDARD = gnu11;
				GCC_DYNAMIC_NO_PIC = NO;
				GCC_NO_COMMON_BLOCKS = YES;
				GCC_OPTIMIZATION_LEVEL = 0;
				GCC_PREPROCESSOR_DEFINITIONS = (
					"DEBUG=1",
					"$(inherited)",
				);
				GCC_WARN_64_TO_32_BIT_CONVERSION = YES;
				GCC_WARN_ABOUT_RETURN_TYPE = YES_ERROR;
				GCC_WARN_UNDECLARED_SELECTOR = YES;
				GCC_WARN_UNINITIALIZED_AUTOS = YES_AGGRESSIVE;
				GCC_WARN_UNUSED_FUNCTION = YES;
				GCC_WARN_UNUSED_VARIABLE = YES;
				MACOSX_DEPLOYMENT_TARGET = 13.0;
				MTL_ENABLE_DEBUG_INFO = INCLUDE_SOURCE;
				MTL_FAST_MATH = YES;
				ONLY_ACTIVE_ARCH = YES;
				SDKROOT = macosx;
				SWIFT_ACTIVE_COMPILATION_CONDITIONS = DEBUG;
				SWIFT_OPTIMIZATION_LEVEL = "-Onone";
			};
			name = Debug;
		};
		0AF378852953AADE00978137 /* Release */ = {
			isa = XCBuildConfiguration;
			buildSettings = {
				ALWAYS_SEARCH_USER_PATHS = NO;
				CLANG_ANALYZER_NONNULL = YES;
				CLANG_ANALYZER_NUMBER_OBJECT_CONVERSION = YES_AGGRESSIVE;
				CLANG_CXX_LANGUAGE_STANDARD = "gnu++20";
				CLANG_ENABLE_MODULES = YES;
				CLANG_ENABLE_OBJC_ARC = YES;
				CLANG_ENABLE_OBJC_WEAK = YES;
				CLANG_WARN_BLOCK_CAPTURE_AUTORELEASING = YES;
				CLANG_WARN_BOOL_CONVERSION = YES;
				CLANG_WARN_COMMA = YES;
				CLANG_WARN_CONSTANT_CONVERSION = YES;
				CLANG_WARN_DEPRECATED_OBJC_IMPLEMENTATIONS = YES;
				CLANG_WARN_DIRECT_OBJC_ISA_USAGE = YES_ERROR;
				CLANG_WARN_DOCUMENTATION_COMMENTS = YES;
				CLANG_WARN_EMPTY_BODY = YES;
				CLANG_WARN_ENUM_CONVERSION = YES;
				CLANG_WARN_INFINITE_RECURSION = YES;
				CLANG_WARN_INT_CONVERSION = YES;
				CLANG_WARN_NON_LITERAL_NULL_CONVERSION = YES;
				CLANG_WARN_OBJC_IMPLICIT_RETAIN_SELF = YES;
				CLANG_WARN_OBJC_LITERAL_CONVERSION = YES;
				CLANG_WARN_OBJC_ROOT_CLASS = YES_ERROR;
				CLANG_WARN_QUOTED_INCLUDE_IN_FRAMEWORK_HEADER = YES;
				CLANG_WARN_RANGE_LOOP_ANALYSIS = YES;
				CLANG_WARN_STRICT_PROTOTYPES = YES;
				CLANG_WARN_SUSPICIOUS_MOVE = YES;
				CLANG_WARN_UNGUARDED_AVAILABILITY = YES_AGGRESSIVE;
				CLANG_WARN_UNREACHABLE_CODE = YES;
				CLANG_WARN__DUPLICATE_METHOD_MATCH = YES;
				COPY_PHASE_STRIP = NO;
				DEAD_CODE_STRIPPING = YES;
				DEBUG_INFORMATION_FORMAT = "dwarf-with-dsym";
				ENABLE_NS_ASSERTIONS = NO;
				ENABLE_STRICT_OBJC_MSGSEND = YES;
				ENABLE_USER_SCRIPT_SANDBOXING = YES;
				GCC_C_LANGUAGE_STANDARD = gnu11;
				GCC_NO_COMMON_BLOCKS = YES;
				GCC_WARN_64_TO_32_BIT_CONVERSION = YES;
				GCC_WARN_ABOUT_RETURN_TYPE = YES_ERROR;
				GCC_WARN_UNDECLARED_SELECTOR = YES;
				GCC_WARN_UNINITIALIZED_AUTOS = YES_AGGRESSIVE;
				GCC_WARN_UNUSED_FUNCTION = YES;
				GCC_WARN_UNUSED_VARIABLE = YES;
				MACOSX_DEPLOYMENT_TARGET = 13.0;
				MTL_ENABLE_DEBUG_INFO = NO;
				MTL_FAST_MATH = YES;
				SDKROOT = macosx;
				SWIFT_COMPILATION_MODE = wholemodule;
				SWIFT_OPTIMIZATION_LEVEL = "-O";
			};
			name = Release;
		};
		0AF378872953AADE00978137 /* Debug */ = {
			isa = XCBuildConfiguration;
			buildSettings = {
				ASSETCATALOG_COMPILER_APPICON_NAME = AppIcon;
				ASSETCATALOG_COMPILER_GLOBAL_ACCENT_COLOR_NAME = AccentColor;
				CODE_SIGN_ENTITLEMENTS = Phoenix/Phoenix.entitlements;
				"CODE_SIGN_IDENTITY[sdk=macosx*]" = "Apple Development";
				CODE_SIGN_STYLE = Automatic;
				COMBINE_HIDPI_IMAGES = YES;
				CURRENT_PROJECT_VERSION = 1;
				DEAD_CODE_STRIPPING = YES;
				DEVELOPMENT_ASSET_PATHS = "\"Phoenix/Preview Content\"";
				DEVELOPMENT_TEAM = ULLNL4MHTP;
				ENABLE_HARDENED_RUNTIME = YES;
				ENABLE_PREVIEWS = YES;
				GENERATE_INFOPLIST_FILE = YES;
				INFOPLIST_KEY_CFBundleDisplayName = Phoenix;
				INFOPLIST_KEY_LSApplicationCategoryType = "public.app-category.games";
				INFOPLIST_KEY_NSHumanReadableCopyright = "";
				LD_RUNPATH_SEARCH_PATHS = (
					"$(inherited)",
					"@executable_path/../Frameworks",
				);
				MARKETING_VERSION = 0.0.5;
				PRODUCT_BUNDLE_IDENTIFIER = com.shock9616.Phoenix;
				PRODUCT_NAME = "$(TARGET_NAME)";
				SWIFT_EMIT_LOC_STRINGS = YES;
				SWIFT_VERSION = 5.0;
			};
			name = Debug;
		};
		0AF378882953AADE00978137 /* Release */ = {
			isa = XCBuildConfiguration;
			buildSettings = {
				ASSETCATALOG_COMPILER_APPICON_NAME = AppIcon;
				ASSETCATALOG_COMPILER_GLOBAL_ACCENT_COLOR_NAME = AccentColor;
				CODE_SIGN_ENTITLEMENTS = Phoenix/Phoenix.entitlements;
				"CODE_SIGN_IDENTITY[sdk=macosx*]" = "Apple Development";
				CODE_SIGN_STYLE = Automatic;
				COMBINE_HIDPI_IMAGES = YES;
				CURRENT_PROJECT_VERSION = 1;
				DEAD_CODE_STRIPPING = YES;
				DEVELOPMENT_ASSET_PATHS = "\"Phoenix/Preview Content\"";
				DEVELOPMENT_TEAM = ULLNL4MHTP;
				ENABLE_HARDENED_RUNTIME = YES;
				ENABLE_PREVIEWS = YES;
				GENERATE_INFOPLIST_FILE = YES;
				INFOPLIST_KEY_CFBundleDisplayName = Phoenix;
				INFOPLIST_KEY_LSApplicationCategoryType = "public.app-category.games";
				INFOPLIST_KEY_NSHumanReadableCopyright = "";
				LD_RUNPATH_SEARCH_PATHS = (
					"$(inherited)",
					"@executable_path/../Frameworks",
				);
				MARKETING_VERSION = 0.0.5;
				PRODUCT_BUNDLE_IDENTIFIER = com.shock9616.Phoenix;
				PRODUCT_NAME = "$(TARGET_NAME)";
				SWIFT_EMIT_LOC_STRINGS = YES;
				SWIFT_VERSION = 5.0;
			};
			name = Release;
		};
		0AF3788A2953AADE00978137 /* Debug */ = {
			isa = XCBuildConfiguration;
			buildSettings = {
				ALWAYS_EMBED_SWIFT_STANDARD_LIBRARIES = YES;
				CODE_SIGN_STYLE = Automatic;
				CURRENT_PROJECT_VERSION = 1;
				DEAD_CODE_STRIPPING = YES;
				DEVELOPMENT_TEAM = UC7RC43VZH;
				GENERATE_INFOPLIST_FILE = YES;
				MACOSX_DEPLOYMENT_TARGET = 13.1;
				MARKETING_VERSION = 1.0;
				PRODUCT_BUNDLE_IDENTIFIER = com.shock9616.SwiftLauncherTests;
				PRODUCT_NAME = "$(TARGET_NAME)";
				SWIFT_EMIT_LOC_STRINGS = NO;
				SWIFT_VERSION = 5.0;
				TEST_HOST = "$(BUILT_PRODUCTS_DIR)/Phoenix.app/$(BUNDLE_EXECUTABLE_FOLDER_PATH)/Phoenix";
			};
			name = Debug;
		};
		0AF3788B2953AADE00978137 /* Release */ = {
			isa = XCBuildConfiguration;
			buildSettings = {
				ALWAYS_EMBED_SWIFT_STANDARD_LIBRARIES = YES;
				CODE_SIGN_STYLE = Automatic;
				CURRENT_PROJECT_VERSION = 1;
				DEAD_CODE_STRIPPING = YES;
				DEVELOPMENT_TEAM = UC7RC43VZH;
				GENERATE_INFOPLIST_FILE = YES;
				MACOSX_DEPLOYMENT_TARGET = 13.1;
				MARKETING_VERSION = 1.0;
				PRODUCT_BUNDLE_IDENTIFIER = com.shock9616.SwiftLauncherTests;
				PRODUCT_NAME = "$(TARGET_NAME)";
				SWIFT_EMIT_LOC_STRINGS = NO;
				SWIFT_VERSION = 5.0;
				TEST_HOST = "$(BUILT_PRODUCTS_DIR)/Phoenix.app/$(BUNDLE_EXECUTABLE_FOLDER_PATH)/Phoenix";
			};
			name = Release;
		};
		0AF3788D2953AADE00978137 /* Debug */ = {
			isa = XCBuildConfiguration;
			buildSettings = {
				ALWAYS_EMBED_SWIFT_STANDARD_LIBRARIES = YES;
				CODE_SIGN_STYLE = Automatic;
				CURRENT_PROJECT_VERSION = 1;
				DEAD_CODE_STRIPPING = YES;
				DEVELOPMENT_TEAM = UC7RC43VZH;
				GENERATE_INFOPLIST_FILE = YES;
				MARKETING_VERSION = 1.0;
				PRODUCT_BUNDLE_IDENTIFIER = com.shock9616.SwiftLauncherUITests;
				PRODUCT_NAME = "$(TARGET_NAME)";
				PROVISIONING_PROFILE = "";
				SWIFT_EMIT_LOC_STRINGS = NO;
				SWIFT_VERSION = 5.0;
				TEST_TARGET_NAME = Phoenix;
			};
			name = Debug;
		};
		0AF3788E2953AADE00978137 /* Release */ = {
			isa = XCBuildConfiguration;
			buildSettings = {
				ALWAYS_EMBED_SWIFT_STANDARD_LIBRARIES = YES;
				CODE_SIGN_STYLE = Automatic;
				CURRENT_PROJECT_VERSION = 1;
				DEAD_CODE_STRIPPING = YES;
				DEVELOPMENT_TEAM = 6L9QQBQLVU;
				GENERATE_INFOPLIST_FILE = YES;
				MARKETING_VERSION = 1.0;
				PRODUCT_BUNDLE_IDENTIFIER = com.shock9616.SwiftLauncherUITests;
				PRODUCT_NAME = "$(TARGET_NAME)";
				PROVISIONING_PROFILE = "";
				SWIFT_EMIT_LOC_STRINGS = NO;
				SWIFT_VERSION = 5.0;
				TEST_TARGET_NAME = Phoenix;
			};
			name = Release;
		};
/* End XCBuildConfiguration section */

/* Begin XCConfigurationList section */
		0AF3785C2953AADC00978137 /* Build configuration list for PBXProject "Phoenix" */ = {
			isa = XCConfigurationList;
			buildConfigurations = (
				0AF378842953AADE00978137 /* Debug */,
				0AF378852953AADE00978137 /* Release */,
			);
			defaultConfigurationIsVisible = 0;
			defaultConfigurationName = Release;
		};
		0AF378862953AADE00978137 /* Build configuration list for PBXNativeTarget "Phoenix" */ = {
			isa = XCConfigurationList;
			buildConfigurations = (
				0AF378872953AADE00978137 /* Debug */,
				0AF378882953AADE00978137 /* Release */,
			);
			defaultConfigurationIsVisible = 0;
			defaultConfigurationName = Release;
		};
		0AF378892953AADE00978137 /* Build configuration list for PBXNativeTarget "PhoenixTests" */ = {
			isa = XCConfigurationList;
			buildConfigurations = (
				0AF3788A2953AADE00978137 /* Debug */,
				0AF3788B2953AADE00978137 /* Release */,
			);
			defaultConfigurationIsVisible = 0;
			defaultConfigurationName = Release;
		};
		0AF3788C2953AADE00978137 /* Build configuration list for PBXNativeTarget "PhoenixUITests" */ = {
			isa = XCConfigurationList;
			buildConfigurations = (
				0AF3788D2953AADE00978137 /* Debug */,
				0AF3788E2953AADE00978137 /* Release */,
			);
			defaultConfigurationIsVisible = 0;
			defaultConfigurationName = Release;
		};
/* End XCConfigurationList section */

/* Begin XCRemoteSwiftPackageReference section */
		CAFACC742A42638E001C45C4 /* XCRemoteSwiftPackageReference "Sparkle" */ = {
			isa = XCRemoteSwiftPackageReference;
			repositoryURL = "https://github.com/sparkle-project/Sparkle";
			requirement = {
				kind = upToNextMajorVersion;
				minimumVersion = 2.4.2;
			};
		};
/* End XCRemoteSwiftPackageReference section */

/* Begin XCSwiftPackageProductDependency section */
		CAFACC752A42638E001C45C4 /* Sparkle */ = {
			isa = XCSwiftPackageProductDependency;
			package = CAFACC742A42638E001C45C4 /* XCRemoteSwiftPackageReference "Sparkle" */;
			productName = Sparkle;
		};
/* End XCSwiftPackageProductDependency section */
	};
	rootObject = 0AF378592953AADC00978137 /* Project object */;
}
